// !$*UTF8*$!
{
	archiveVersion = 1;
	classes = {
	};
	objectVersion = 50;
	objects = {

/* Begin PBXBuildFile section */
		7722E38D228BD870006C6851 /* AppDelegate.swift in Sources */ = {isa = PBXBuildFile; fileRef = 7722E38C228BD870006C6851 /* AppDelegate.swift */; };
		7722E38F228BD870006C6851 /* ViewController.swift in Sources */ = {isa = PBXBuildFile; fileRef = 7722E38E228BD870006C6851 /* ViewController.swift */; };
		7722E392228BD870006C6851 /* Main.storyboard in Resources */ = {isa = PBXBuildFile; fileRef = 7722E390228BD870006C6851 /* Main.storyboard */; };
		7722E394228BD873006C6851 /* Assets.xcassets in Resources */ = {isa = PBXBuildFile; fileRef = 7722E393228BD873006C6851 /* Assets.xcassets */; };
		7722E397228BD873006C6851 /* LaunchScreen.storyboard in Resources */ = {isa = PBXBuildFile; fileRef = 7722E395228BD873006C6851 /* LaunchScreen.storyboard */; };
		7722E39F228BE59A006C6851 /* LearnerModel.swift in Sources */ = {isa = PBXBuildFile; fileRef = 7722E39E228BE59A006C6851 /* LearnerModel.swift */; };
		7722E3C1228C03AA006C6851 /* FacilitatorModel.swift in Sources */ = {isa = PBXBuildFile; fileRef = 7722E3C0228C03AA006C6851 /* FacilitatorModel.swift */; };
		7722E3C5228C09E6006C6851 /* RoundedButton.swift in Sources */ = {isa = PBXBuildFile; fileRef = 7722E3C4228C09E6006C6851 /* RoundedButton.swift */; };
/* End PBXBuildFile section */

/* Begin PBXFileReference section */
		7722E389228BD870006C6851 /* LearnerOOP.app */ = {isa = PBXFileReference; explicitFileType = wrapper.application; includeInIndex = 0; path = LearnerOOP.app; sourceTree = BUILT_PRODUCTS_DIR; };
		7722E38C228BD870006C6851 /* AppDelegate.swift */ = {isa = PBXFileReference; lastKnownFileType = sourcecode.swift; path = AppDelegate.swift; sourceTree = "<group>"; };
		7722E38E228BD870006C6851 /* ViewController.swift */ = {isa = PBXFileReference; lastKnownFileType = sourcecode.swift; path = ViewController.swift; sourceTree = "<group>"; };
		7722E391228BD870006C6851 /* Base */ = {isa = PBXFileReference; lastKnownFileType = file.storyboard; name = Base; path = Base.lproj/Main.storyboard; sourceTree = "<group>"; };
		7722E393228BD873006C6851 /* Assets.xcassets */ = {isa = PBXFileReference; lastKnownFileType = folder.assetcatalog; path = Assets.xcassets; sourceTree = "<group>"; };
		7722E396228BD873006C6851 /* Base */ = {isa = PBXFileReference; lastKnownFileType = file.storyboard; name = Base; path = Base.lproj/LaunchScreen.storyboard; sourceTree = "<group>"; };
		7722E398228BD873006C6851 /* Info.plist */ = {isa = PBXFileReference; lastKnownFileType = text.plist.xml; path = Info.plist; sourceTree = "<group>"; };
		7722E39E228BE59A006C6851 /* LearnerModel.swift */ = {isa = PBXFileReference; lastKnownFileType = sourcecode.swift; path = LearnerModel.swift; sourceTree = "<group>"; };
		7722E3C0228C03AA006C6851 /* FacilitatorModel.swift */ = {isa = PBXFileReference; lastKnownFileType = sourcecode.swift; path = FacilitatorModel.swift; sourceTree = "<group>"; };
		7722E3C4228C09E6006C6851 /* RoundedButton.swift */ = {isa = PBXFileReference; lastKnownFileType = sourcecode.swift; path = RoundedButton.swift; sourceTree = "<group>"; };
/* End PBXFileReference section */

/* Begin PBXFrameworksBuildPhase section */
		7722E386228BD870006C6851 /* Frameworks */ = {
			isa = PBXFrameworksBuildPhase;
			buildActionMask = 2147483647;
			files = (
			);
			runOnlyForDeploymentPostprocessing = 0;
		};
/* End PBXFrameworksBuildPhase section */

/* Begin PBXGroup section */
		7722E380228BD870006C6851 = {
			isa = PBXGroup;
			children = (
				7722E38B228BD870006C6851 /* LearnerOOP */,
				7722E38A228BD870006C6851 /* Products */,
			);
			sourceTree = "<group>";
		};
		7722E38A228BD870006C6851 /* Products */ = {
			isa = PBXGroup;
			children = (
				7722E389228BD870006C6851 /* LearnerOOP.app */,
			);
			name = Products;
			sourceTree = "<group>";
		};
		7722E38B228BD870006C6851 /* LearnerOOP */ = {
			isa = PBXGroup;
			children = (
				7722E38C228BD870006C6851 /* AppDelegate.swift */,
				7722E38E228BD870006C6851 /* ViewController.swift */,
				7722E39E228BE59A006C6851 /* LearnerModel.swift */,
				7722E3C0228C03AA006C6851 /* FacilitatorModel.swift */,
				7722E3C4228C09E6006C6851 /* RoundedButton.swift */,
				7722E390228BD870006C6851 /* Main.storyboard */,
				7722E393228BD873006C6851 /* Assets.xcassets */,
				7722E395228BD873006C6851 /* LaunchScreen.storyboard */,
				7722E398228BD873006C6851 /* Info.plist */,
			);
			path = LearnerOOP;
			sourceTree = "<group>";
		};
/* End PBXGroup section */

/* Begin PBXNativeTarget section */
		7722E388228BD870006C6851 /* LearnerOOP */ = {
			isa = PBXNativeTarget;
			buildConfigurationList = 7722E39B228BD873006C6851 /* Build configuration list for PBXNativeTarget "LearnerOOP" */;
			buildPhases = (
				7722E385228BD870006C6851 /* Sources */,
				7722E386228BD870006C6851 /* Frameworks */,
				7722E387228BD870006C6851 /* Resources */,
			);
			buildRules = (
			);
			dependencies = (
			);
			name = LearnerOOP;
			productName = LearnerOOP;
			productReference = 7722E389228BD870006C6851 /* LearnerOOP.app */;
			productType = "com.apple.product-type.application";
		};
/* End PBXNativeTarget section */

/* Begin PBXProject section */
		7722E381228BD870006C6851 /* Project object */ = {
			isa = PBXProject;
			attributes = {
				LastSwiftUpdateCheck = 1020;
				LastUpgradeCheck = 1020;
				ORGANIZATIONNAME = "Kristoforus David";
				TargetAttributes = {
					7722E388228BD870006C6851 = {
						CreatedOnToolsVersion = 10.2.1;
					};
				};
			};
			buildConfigurationList = 7722E384228BD870006C6851 /* Build configuration list for PBXProject "LearnerOOP" */;
			compatibilityVersion = "Xcode 9.3";
			developmentRegion = en;
			hasScannedForEncodings = 0;
			knownRegions = (
				en,
				Base,
			);
			mainGroup = 7722E380228BD870006C6851;
			productRefGroup = 7722E38A228BD870006C6851 /* Products */;
			projectDirPath = "";
			projectRoot = "";
			targets = (
				7722E388228BD870006C6851 /* LearnerOOP */,
			);
		};
/* End PBXProject section */

/* Begin PBXResourcesBuildPhase section */
		7722E387228BD870006C6851 /* Resources */ = {
			isa = PBXResourcesBuildPhase;
			buildActionMask = 2147483647;
			files = (
				7722E397228BD873006C6851 /* LaunchScreen.storyboard in Resources */,
				7722E394228BD873006C6851 /* Assets.xcassets in Resources */,
				7722E392228BD870006C6851 /* Main.storyboard in Resources */,
			);
			runOnlyForDeploymentPostprocessing = 0;
		};
/* End PBXResourcesBuildPhase section */

/* Begin PBXSourcesBuildPhase section */
		7722E385228BD870006C6851 /* Sources */ = {
			isa = PBXSourcesBuildPhase;
			buildActionMask = 2147483647;
			files = (
				7722E3C1228C03AA006C6851 /* FacilitatorModel.swift in Sources */,
				7722E3C5228C09E6006C6851 /* RoundedButton.swift in Sources */,
				7722E38F228BD870006C6851 /* ViewController.swift in Sources */,
				7722E39F228BE59A006C6851 /* LearnerModel.swift in Sources */,
				7722E38D228BD870006C6851 /* AppDelegate.swift in Sources */,
			);
			runOnlyForDeploymentPostprocessing = 0;
		};
/* End PBXSourcesBuildPhase section */

/* Begin PBXVariantGroup section */
		7722E390228BD870006C6851 /* Main.storyboard */ = {
			isa = PBXVariantGroup;
			children = (
				7722E391228BD870006C6851 /* Base */,
			);
			name = Main.storyboard;
			sourceTree = "<group>";
		};
		7722E395228BD873006C6851 /* LaunchScreen.storyboard */ = {
			isa = PBXVariantGroup;
			children = (
				7722E396228BD873006C6851 /* Base */,
			);
			name = LaunchScreen.storyboard;
			sourceTree = "<group>";
		};
/* End PBXVariantGroup section */

/* Begin XCBuildConfiguration section */
		7722E399228BD873006C6851 /* Debug */ = {
			isa = XCBuildConfiguration;
			buildSettings = {
				ALWAYS_SEARCH_USER_PATHS = NO;
				CLANG_ANALYZER_NONNULL = YES;
				CLANG_ANALYZER_NUMBER_OBJECT_CONVERSION = YES_AGGRESSIVE;
				CLANG_CXX_LANGUAGE_STANDARD = "gnu++14";
				CLANG_CXX_LIBRARY = "libc++";
				CLANG_ENABLE_MODULES = YES;
				CLANG_ENABLE_OBJC_ARC = YES;
				CLANG_ENABLE_OBJC_WEAK = YES;
				CLANG_WARN_BLOCK_CAPTURE_AUTORELEASING = YES;
				CLANG_WARN_BOOL_CONVERSION = YES;
				CLANG_WARN_COMMA = YES;
				CLANG_WARN_CONSTANT_CONVERSION = YES;
				CLANG_WARN_DEPRECATED_OBJC_IMPLEMENTATIONS = YES;
				CLANG_WARN_DIRECT_OBJC_ISA_USAGE = YES_ERROR;
				CLANG_WARN_DOCUMENTATION_COMMENTS = YES;
				CLANG_WARN_EMPTY_BODY = YES;
				CLANG_WARN_ENUM_CONVERSION = YES;
				CLANG_WARN_INFINITE_RECURSION = YES;
				CLANG_WARN_INT_CONVERSION = YES;
				CLANG_WARN_NON_LITERAL_NULL_CONVERSION = YES;
				CLANG_WARN_OBJC_IMPLICIT_RETAIN_SELF = YES;
				CLANG_WARN_OBJC_LITERAL_CONVERSION = YES;
				CLANG_WARN_OBJC_ROOT_CLASS = YES_ERROR;
				CLANG_WARN_RANGE_LOOP_ANALYSIS = YES;
				CLANG_WARN_STRICT_PROTOTYPES = YES;
				CLANG_WARN_SUSPICIOUS_MOVE = YES;
				CLANG_WARN_UNGUARDED_AVAILABILITY = YES_AGGRESSIVE;
				CLANG_WARN_UNREACHABLE_CODE = YES;
				CLANG_WARN__DUPLICATE_METHOD_MATCH = YES;
				CODE_SIGN_IDENTITY = "iPhone Developer";
				COPY_PHASE_STRIP = NO;
				DEBUG_INFORMATION_FORMAT = dwarf;
				ENABLE_STRICT_OBJC_MSGSEND = YES;
				ENABLE_TESTABILITY = YES;
				GCC_C_LANGUAGE_STANDARD = gnu11;
				GCC_DYNAMIC_NO_PIC = NO;
				GCC_NO_COMMON_BLOCKS = YES;
				GCC_OPTIMIZATION_LEVEL = 0;
				GCC_PREPROCESSOR_DEFINITIONS = (
					"DEBUG=1",
					"$(inherited)",
				);
				GCC_WARN_64_TO_32_BIT_CONVERSION = YES;
				GCC_WARN_ABOUT_RETURN_TYPE = YES_ERROR;
				GCC_WARN_UNDECLARED_SELECTOR = YES;
				GCC_WARN_UNINITIALIZED_AUTOS = YES_AGGRESSIVE;
				GCC_WARN_UNUSED_FUNCTION = YES;
				GCC_WARN_UNUSED_VARIABLE = YES;
				IPHONEOS_DEPLOYMENT_TARGET = 12.2;
				MTL_ENABLE_DEBUG_INFO = INCLUDE_SOURCE;
				MTL_FAST_MATH = YES;
				ONLY_ACTIVE_ARCH = YES;
				SDKROOT = iphoneos;
				SWIFT_ACTIVE_COMPILATION_CONDITIONS = DEBUG;
				SWIFT_OPTIMIZATION_LEVEL = "-Onone";
			};
			name = Debug;
		};
		7722E39A228BD873006C6851 /* Release */ = {
			isa = XCBuildConfiguration;
			buildSettings = {
				ALWAYS_SEARCH_USER_PATHS = NO;
				CLANG_ANALYZER_NONNULL = YES;
				CLANG_ANALYZER_NUMBER_OBJECT_CONVERSION = YES_AGGRESSIVE;
				CLANG_CXX_LANGUAGE_STANDARD = "gnu++14";
				CLANG_CXX_LIBRARY = "libc++";
				CLANG_ENABLE_MODULES = YES;
				CLANG_ENABLE_OBJC_ARC = YES;
				CLANG_ENABLE_OBJC_WEAK = YES;
				CLANG_WARN_BLOCK_CAPTURE_AUTORELEASING = YES;
				CLANG_WARN_BOOL_CONVERSION = YES;
				CLANG_WARN_COMMA = YES;
				CLANG_WARN_CONSTANT_CONVERSION = YES;
				CLANG_WARN_DEPRECATED_OBJC_IMPLEMENTATIONS = YES;
				CLANG_WARN_DIRECT_OBJC_ISA_USAGE = YES_ERROR;
				CLANG_WARN_DOCUMENTATION_COMMENTS = YES;
				CLANG_WARN_EMPTY_BODY = YES;
				CLANG_WARN_ENUM_CONVERSION = YES;
				CLANG_WARN_INFINITE_RECURSION = YES;
				CLANG_WARN_INT_CONVERSION = YES;
				CLANG_WARN_NON_LITERAL_NULL_CONVERSION = YES;
				CLANG_WARN_OBJC_IMPLICIT_RETAIN_SELF = YES;
				CLANG_WARN_OBJC_LITERAL_CONVERSION = YES;
				CLANG_WARN_OBJC_ROOT_CLASS = YES_ERROR;
				CLANG_WARN_RANGE_LOOP_ANALYSIS = YES;
				CLANG_WARN_STRICT_PROTOTYPES = YES;
				CLANG_WARN_SUSPICIOUS_MOVE = YES;
				CLANG_WARN_UNGUARDED_AVAILABILITY = YES_AGGRESSIVE;
				CLANG_WARN_UNREACHABLE_CODE = YES;
				CLANG_WARN__DUPLICATE_METHOD_MATCH = YES;
				CODE_SIGN_IDENTITY = "iPhone Developer";
				COPY_PHASE_STRIP = NO;
				DEBUG_INFORMATION_FORMAT = "dwarf-with-dsym";
				ENABLE_NS_ASSERTIONS = NO;
				ENABLE_STRICT_OBJC_MSGSEND = YES;
				GCC_C_LANGUAGE_STANDARD = gnu11;
				GCC_NO_COMMON_BLOCKS = YES;
				GCC_WARN_64_TO_32_BIT_CONVERSION = YES;
				GCC_WARN_ABOUT_RETURN_TYPE = YES_ERROR;
				GCC_WARN_UNDECLARED_SELECTOR = YES;
				GCC_WARN_UNINITIALIZED_AUTOS = YES_AGGRESSIVE;
				GCC_WARN_UNUSED_FUNCTION = YES;
				GCC_WARN_UNUSED_VARIABLE = YES;
				IPHONEOS_DEPLOYMENT_TARGET = 12.2;
				MTL_ENABLE_DEBUG_INFO = NO;
				MTL_FAST_MATH = YES;
				SDKROOT = iphoneos;
				SWIFT_COMPILATION_MODE = wholemodule;
				SWIFT_OPTIMIZATION_LEVEL = "-O";
				VALIDATE_PRODUCT = YES;
			};
			name = Release;
		};
		7722E39C228BD873006C6851 /* Debug */ = {
			isa = XCBuildConfiguration;
			buildSettings = {
				ASSETCATALOG_COMPILER_APPICON_NAME = AppIcon;
				CODE_SIGN_STYLE = Automatic;
				INFOPLIST_FILE = LearnerOOP/Info.plist;
				LD_RUNPATH_SEARCH_PATHS = (
					"$(inherited)",
					"@executable_path/Frameworks",
				);
				PRODUCT_BUNDLE_IDENTIFIER = "Apple-Developer-Academy.LearnerOOP";
				PRODUCT_NAME = "$(TARGET_NAME)";
				SWIFT_VERSION = 5.0;
				TARGETED_DEVICE_FAMILY = "1,2";
			};
			name = Debug;
		};
		7722E39D228BD873006C6851 /* Release */ = {
			isa = XCBuildConfiguration;
			buildSettings = {
				ASSETCATALOG_COMPILER_APPICON_NAME = AppIcon;
				CODE_SIGN_STYLE = Automatic;
				INFOPLIST_FILE = LearnerOOP/Info.plist;
				LD_RUNPATH_SEARCH_PATHS = (
					"$(inherited)",
					"@executable_path/Frameworks",
				);
				PRODUCT_BUNDLE_IDENTIFIER = "Apple-Developer-Academy.LearnerOOP";
				PRODUCT_NAME = "$(TARGET_NAME)";
				SWIFT_VERSION = 5.0;
				TARGETED_DEVICE_FAMILY = "1,2";
			};
			name = Release;
		};
/* End XCBuildConfiguration section */

/* Begin XCConfigurationList section */
		7722E384228BD870006C6851 /* Build configuration list for PBXProject "LearnerOOP" */ = {
			isa = XCConfigurationList;
			buildConfigurations = (
				7722E399228BD873006C6851 /* Debug */,
				7722E39A228BD873006C6851 /* Release */,
			);
			defaultConfigurationIsVisible = 0;
			defaultConfigurationName = Release;
		};
		7722E39B228BD873006C6851 /* Build configuration list for PBXNativeTarget "LearnerOOP" */ = {
			isa = XCConfigurationList;
			buildConfigurations = (
				7722E39C228BD873006C6851 /* Debug */,
				7722E39D228BD873006C6851 /* Release */,
			);
			defaultConfigurationIsVisible = 0;
			defaultConfigurationName = Release;
		};
/* End XCConfigurationList section */
	};
	rootObject = 7722E381228BD870006C6851 /* Project object */;
}
